
Microsoft Visual Studio Solution File, Format Version 12.00
# Visual Studio Version 16
VisualStudioVersion = 16.0.29728.190
MinimumVisualStudioVersion = 10.0.40219.1
Project("{FAE04EC0-301F-11D3-BF4B-00C04F79EFBC}") = "Projeto_Arquivo", "Projeto_Arquivo.csproj", "{105BDA2E-B5C0-415C-879D-BA199C453B94}"
EndProject
Project("{FAE04EC0-301F-11D3-BF4B-00C04F79EFBC}") = "Projeto_Arquivo_Test", "..\Projeto_Arquivo_Test\Projeto_Arquivo_Test.csproj", "{2D6F8474-59AF-49FA-8CED-9D8FAAE7CAED}"
EndProject
Global
	GlobalSection(SolutionConfigurationPlatforms) = preSolution
		Debug|Any CPU = Debug|Any CPU
		Release|Any CPU = Release|Any CPU
	EndGlobalSection
	GlobalSection(ProjectConfigurationPlatforms) = postSolution
		{105BDA2E-B5C0-415C-879D-BA199C453B94}.Debug|Any CPU.ActiveCfg = Debug|Any CPU
		{105BDA2E-B5C0-415C-879D-BA199C453B94}.Debug|Any CPU.Build.0 = Debug|Any CPU
		{105BDA2E-B5C0-415C-879D-BA199C453B94}.Release|Any CPU.ActiveCfg = Release|Any CPU
		{105BDA2E-B5C0-415C-879D-BA199C453B94}.Release|Any CPU.Build.0 = Release|Any CPU
		{2D6F8474-59AF-49FA-8CED-9D8FAAE7CAED}.Debug|Any CPU.ActiveCfg = Debug|Any CPU
		{2D6F8474-59AF-49FA-8CED-9D8FAAE7CAED}.Debug|Any CPU.Build.0 = Debug|Any CPU
		{2D6F8474-59AF-49FA-8CED-9D8FAAE7CAED}.Release|Any CPU.ActiveCfg = Release|Any CPU
		{2D6F8474-59AF-49FA-8CED-9D8FAAE7CAED}.Release|Any CPU.Build.0 = Release|Any CPU
	EndGlobalSection
	GlobalSection(SolutionProperties) = preSolution
		HideSolutionNode = FALSE
	EndGlobalSection
	GlobalSection(ExtensibilityGlobals) = postSolution
		SolutionGuid = {F1219578-0513-4E06-BF91-C7112D42128A}
	EndGlobalSection
EndGlobal
